
Microsoft Visual Studio Solution File, Format Version 12.00
# Visual Studio Version 16
VisualStudioVersion = 16.0.31702.278
MinimumVisualStudioVersion = 10.0.40219.1
Project("{8BC9CEB8-8B4A-11D0-8D11-00A0C91BC942}") = "Lab0", "Lab0\Lab0.vcxproj", "{68AEB90F-CF6C-4881-AD51-E5256CE0EAAE}"
EndProject
Global
	GlobalSection(SolutionConfigurationPlatforms) = preSolution
		Debug|x64 = Debug|x64
		Release|x64 = Release|x64
	EndGlobalSection
	GlobalSection(ProjectConfigurationPlatforms) = postSolution
		{68AEB90F-CF6C-4881-AD51-E5256CE0EAAE}.Debug|x64.ActiveCfg = Debug|x64
		{68AEB90F-CF6C-4881-AD51-E5256CE0EAAE}.Debug|x64.Build.0 = Debug|x64
		{68AEB90F-CF6C-4881-AD51-E5256CE0EAAE}.Release|x64.ActiveCfg = Release|x64
		{68AEB90F-CF6C-4881-AD51-E5256CE0EAAE}.Release|x64.Build.0 = Release|x64
	EndGlobalSection
	GlobalSection(SolutionProperties) = preSolution
		HideSolutionNode = FALSE
	EndGlobalSection
	GlobalSection(ExtensibilityGlobals) = postSolution
		SolutionGuid = {B531ECF9-868A-48D1-9FE5-7293FF76A2C0}
	EndGlobalSection
EndGlobal
