
Microsoft Visual Studio Solution File, Format Version 12.00
# Visual Studio Version 16
VisualStudioVersion = 16.0.31729.503
MinimumVisualStudioVersion = 10.0.40219.1
Project("{8BC9CEB8-8B4A-11D0-8D11-00A0C91BC942}") = "Lab3BFSsharedmemqueue", "Lab3BFSsharedmemqueue\Lab3BFSsharedmemqueue.vcxproj", "{D5F4BB4D-0C51-40CA-B4BA-AA63737939A2}"
EndProject
Global
	GlobalSection(SolutionConfigurationPlatforms) = preSolution
		Debug|x64 = Debug|x64
		Release|x64 = Release|x64
	EndGlobalSection
	GlobalSection(ProjectConfigurationPlatforms) = postSolution
		{D5F4BB4D-0C51-40CA-B4BA-AA63737939A2}.Debug|x64.ActiveCfg = Debug|x64
		{D5F4BB4D-0C51-40CA-B4BA-AA63737939A2}.Debug|x64.Build.0 = Debug|x64
		{D5F4BB4D-0C51-40CA-B4BA-AA63737939A2}.Release|x64.ActiveCfg = Release|x64
		{D5F4BB4D-0C51-40CA-B4BA-AA63737939A2}.Release|x64.Build.0 = Release|x64
	EndGlobalSection
	GlobalSection(SolutionProperties) = preSolution
		HideSolutionNode = FALSE
	EndGlobalSection
	GlobalSection(ExtensibilityGlobals) = postSolution
		SolutionGuid = {AA3294B6-EADF-4660-A004-78B664BE0ED2}
	EndGlobalSection
EndGlobal
